// !$*UTF8*$!
{
	archiveVersion = 1;
	classes = {
	};
	objectVersion = 50;
	objects = {

/* Begin PBXBuildFile section */
		6EC3D63C24A94EEC00393533 /* AppDelegate.swift in Sources */ = {isa = PBXBuildFile; fileRef = 6EC3D63B24A94EEC00393533 /* AppDelegate.swift */; };
		6EC3D63E24A94EEC00393533 /* SceneDelegate.swift in Sources */ = {isa = PBXBuildFile; fileRef = 6EC3D63D24A94EEC00393533 /* SceneDelegate.swift */; };
		6EC3D64324A94EEC00393533 /* Main.storyboard in Resources */ = {isa = PBXBuildFile; fileRef = 6EC3D64124A94EEC00393533 /* Main.storyboard */; };
		6EC3D64524A94EEE00393533 /* Assets.xcassets in Resources */ = {isa = PBXBuildFile; fileRef = 6EC3D64424A94EEE00393533 /* Assets.xcassets */; };
		6EC3D64824A94EEE00393533 /* LaunchScreen.storyboard in Resources */ = {isa = PBXBuildFile; fileRef = 6EC3D64624A94EEE00393533 /* LaunchScreen.storyboard */; };
		6EC3D65824A9503D00393533 /* LoginController.swift in Sources */ = {isa = PBXBuildFile; fileRef = 6EC3D65724A9503D00393533 /* LoginController.swift */; };
		6EC3D65A24A963B600393533 /* Extensions.swift in Sources */ = {isa = PBXBuildFile; fileRef = 6EC3D65924A963B600393533 /* Extensions.swift */; };
/* End PBXBuildFile section */

/* Begin PBXFileReference section */
		6EC3D63824A94EEC00393533 /* GoCab.app */ = {isa = PBXFileReference; explicitFileType = wrapper.application; includeInIndex = 0; path = GoCab.app; sourceTree = BUILT_PRODUCTS_DIR; };
		6EC3D63B24A94EEC00393533 /* AppDelegate.swift */ = {isa = PBXFileReference; lastKnownFileType = sourcecode.swift; path = AppDelegate.swift; sourceTree = "<group>"; };
		6EC3D63D24A94EEC00393533 /* SceneDelegate.swift */ = {isa = PBXFileReference; lastKnownFileType = sourcecode.swift; path = SceneDelegate.swift; sourceTree = "<group>"; };
		6EC3D64224A94EEC00393533 /* Base */ = {isa = PBXFileReference; lastKnownFileType = file.storyboard; name = Base; path = Base.lproj/Main.storyboard; sourceTree = "<group>"; };
		6EC3D64424A94EEE00393533 /* Assets.xcassets */ = {isa = PBXFileReference; lastKnownFileType = folder.assetcatalog; path = Assets.xcassets; sourceTree = "<group>"; };
		6EC3D64724A94EEE00393533 /* Base */ = {isa = PBXFileReference; lastKnownFileType = file.storyboard; name = Base; path = Base.lproj/LaunchScreen.storyboard; sourceTree = "<group>"; };
		6EC3D64924A94EEE00393533 /* Info.plist */ = {isa = PBXFileReference; lastKnownFileType = text.plist.xml; path = Info.plist; sourceTree = "<group>"; };
		6EC3D65724A9503D00393533 /* LoginController.swift */ = {isa = PBXFileReference; lastKnownFileType = sourcecode.swift; path = LoginController.swift; sourceTree = "<group>"; };
		6EC3D65924A963B600393533 /* Extensions.swift */ = {isa = PBXFileReference; lastKnownFileType = sourcecode.swift; path = Extensions.swift; sourceTree = "<group>"; };
/* End PBXFileReference section */

/* Begin PBXFrameworksBuildPhase section */
		6EC3D63524A94EEC00393533 /* Frameworks */ = {
			isa = PBXFrameworksBuildPhase;
			buildActionMask = 2147483647;
			files = (
			);
			runOnlyForDeploymentPostprocessing = 0;
		};
/* End PBXFrameworksBuildPhase section */

/* Begin PBXGroup section */
		6EC3D62F24A94EEC00393533 = {
			isa = PBXGroup;
			children = (
				6EC3D63A24A94EEC00393533 /* GoCab */,
				6EC3D63924A94EEC00393533 /* Products */,
			);
			sourceTree = "<group>";
		};
		6EC3D63924A94EEC00393533 /* Products */ = {
			isa = PBXGroup;
			children = (
				6EC3D63824A94EEC00393533 /* GoCab.app */,
			);
			name = Products;
			sourceTree = "<group>";
		};
		6EC3D63A24A94EEC00393533 /* GoCab */ = {
			isa = PBXGroup;
			children = (
				6EC3D65624A94F6A00393533 /* Model */,
				6EC3D65524A94F6800393533 /* View */,
				6EC3D65424A94F6700393533 /* Controller */,
				6EC3D65324A94F6400393533 /* Service */,
				6EC3D65024A94F4300393533 /* Utils */,
				6EC3D63B24A94EEC00393533 /* AppDelegate.swift */,
				6EC3D63D24A94EEC00393533 /* SceneDelegate.swift */,
				6EC3D64124A94EEC00393533 /* Main.storyboard */,
				6EC3D64424A94EEE00393533 /* Assets.xcassets */,
				6EC3D64624A94EEE00393533 /* LaunchScreen.storyboard */,
				6EC3D64924A94EEE00393533 /* Info.plist */,
			);
			path = GoCab;
			sourceTree = "<group>";
		};
		6EC3D65024A94F4300393533 /* Utils */ = {
			isa = PBXGroup;
			children = (
				6EC3D65924A963B600393533 /* Extensions.swift */,
			);
			path = Utils;
			sourceTree = "<group>";
		};
		6EC3D65324A94F6400393533 /* Service */ = {
			isa = PBXGroup;
			children = (
			);
			path = Service;
			sourceTree = "<group>";
		};
		6EC3D65424A94F6700393533 /* Controller */ = {
			isa = PBXGroup;
			children = (
				6EC3D65724A9503D00393533 /* LoginController.swift */,
			);
			path = Controller;
			sourceTree = "<group>";
		};
		6EC3D65524A94F6800393533 /* View */ = {
			isa = PBXGroup;
			children = (
			);
			path = View;
			sourceTree = "<group>";
		};
		6EC3D65624A94F6A00393533 /* Model */ = {
			isa = PBXGroup;
			children = (
			);
			path = Model;
			sourceTree = "<group>";
		};
/* End PBXGroup section */

/* Begin PBXNativeTarget section */
		6EC3D63724A94EEC00393533 /* GoCab */ = {
			isa = PBXNativeTarget;
			buildConfigurationList = 6EC3D64C24A94EEE00393533 /* Build configuration list for PBXNativeTarget "GoCab" */;
			buildPhases = (
				6EC3D63424A94EEC00393533 /* Sources */,
				6EC3D63524A94EEC00393533 /* Frameworks */,
				6EC3D63624A94EEC00393533 /* Resources */,
			);
			buildRules = (
			);
			dependencies = (
			);
			name = GoCab;
			productName = GoCab;
			productReference = 6EC3D63824A94EEC00393533 /* GoCab.app */;
			productType = "com.apple.product-type.application";
		};
/* End PBXNativeTarget section */

/* Begin PBXProject section */
		6EC3D63024A94EEC00393533 /* Project object */ = {
			isa = PBXProject;
			attributes = {
				LastSwiftUpdateCheck = 1150;
				LastUpgradeCheck = 1150;
				ORGANIZATIONNAME = "Pablo Di Marco";
				TargetAttributes = {
					6EC3D63724A94EEC00393533 = {
						CreatedOnToolsVersion = 11.5;
					};
				};
			};
			buildConfigurationList = 6EC3D63324A94EEC00393533 /* Build configuration list for PBXProject "GoCab" */;
			compatibilityVersion = "Xcode 9.3";
			developmentRegion = en;
			hasScannedForEncodings = 0;
			knownRegions = (
				en,
				Base,
			);
			mainGroup = 6EC3D62F24A94EEC00393533;
			productRefGroup = 6EC3D63924A94EEC00393533 /* Products */;
			projectDirPath = "";
			projectRoot = "";
			targets = (
				6EC3D63724A94EEC00393533 /* GoCab */,
			);
		};
/* End PBXProject section */

/* Begin PBXResourcesBuildPhase section */
		6EC3D63624A94EEC00393533 /* Resources */ = {
			isa = PBXResourcesBuildPhase;
			buildActionMask = 2147483647;
			files = (
				6EC3D64824A94EEE00393533 /* LaunchScreen.storyboard in Resources */,
				6EC3D64524A94EEE00393533 /* Assets.xcassets in Resources */,
				6EC3D64324A94EEC00393533 /* Main.storyboard in Resources */,
			);
			runOnlyForDeploymentPostprocessing = 0;
		};
/* End PBXResourcesBuildPhase section */

/* Begin PBXSourcesBuildPhase section */
		6EC3D63424A94EEC00393533 /* Sources */ = {
			isa = PBXSourcesBuildPhase;
			buildActionMask = 2147483647;
			files = (
				6EC3D63C24A94EEC00393533 /* AppDelegate.swift in Sources */,
				6EC3D65824A9503D00393533 /* LoginController.swift in Sources */,
				6EC3D63E24A94EEC00393533 /* SceneDelegate.swift in Sources */,
				6EC3D65A24A963B600393533 /* Extensions.swift in Sources */,
			);
			runOnlyForDeploymentPostprocessing = 0;
		};
/* End PBXSourcesBuildPhase section */

/* Begin PBXVariantGroup section */
		6EC3D64124A94EEC00393533 /* Main.storyboard */ = {
			isa = PBXVariantGroup;
			children = (
				6EC3D64224A94EEC00393533 /* Base */,
			);
			name = Main.storyboard;
			sourceTree = "<group>";
		};
		6EC3D64624A94EEE00393533 /* LaunchScreen.storyboard */ = {
			isa = PBXVariantGroup;
			children = (
				6EC3D64724A94EEE00393533 /* Base */,
			);
			name = LaunchScreen.storyboard;
			sourceTree = "<group>";
		};
/* End PBXVariantGroup section */

/* Begin XCBuildConfiguration section */
		6EC3D64A24A94EEE00393533 /* Debug */ = {
			isa = XCBuildConfiguration;
			buildSettings = {
				ALWAYS_SEARCH_USER_PATHS = NO;
				CLANG_ANALYZER_NONNULL = YES;
				CLANG_ANALYZER_NUMBER_OBJECT_CONVERSION = YES_AGGRESSIVE;
				CLANG_CXX_LANGUAGE_STANDARD = "gnu++14";
				CLANG_CXX_LIBRARY = "libc++";
				CLANG_ENABLE_MODULES = YES;
				CLANG_ENABLE_OBJC_ARC = YES;
				CLANG_ENABLE_OBJC_WEAK = YES;
				CLANG_WARN_BLOCK_CAPTURE_AUTORELEASING = YES;
				CLANG_WARN_BOOL_CONVERSION = YES;
				CLANG_WARN_COMMA = YES;
				CLANG_WARN_CONSTANT_CONVERSION = YES;
				CLANG_WARN_DEPRECATED_OBJC_IMPLEMENTATIONS = YES;
				CLANG_WARN_DIRECT_OBJC_ISA_USAGE = YES_ERROR;
				CLANG_WARN_DOCUMENTATION_COMMENTS = YES;
				CLANG_WARN_EMPTY_BODY = YES;
				CLANG_WARN_ENUM_CONVERSION = YES;
				CLANG_WARN_INFINITE_RECURSION = YES;
				CLANG_WARN_INT_CONVERSION = YES;
				CLANG_WARN_NON_LITERAL_NULL_CONVERSION = YES;
				CLANG_WARN_OBJC_IMPLICIT_RETAIN_SELF = YES;
				CLANG_WARN_OBJC_LITERAL_CONVERSION = YES;
				CLANG_WARN_OBJC_ROOT_CLASS = YES_ERROR;
				CLANG_WARN_RANGE_LOOP_ANALYSIS = YES;
				CLANG_WARN_STRICT_PROTOTYPES = YES;
				CLANG_WARN_SUSPICIOUS_MOVE = YES;
				CLANG_WARN_UNGUARDED_AVAILABILITY = YES_AGGRESSIVE;
				CLANG_WARN_UNREACHABLE_CODE = YES;
				CLANG_WARN__DUPLICATE_METHOD_MATCH = YES;
				COPY_PHASE_STRIP = NO;
				DEBUG_INFORMATION_FORMAT = dwarf;
				ENABLE_STRICT_OBJC_MSGSEND = YES;
				ENABLE_TESTABILITY = YES;
				GCC_C_LANGUAGE_STANDARD = gnu11;
				GCC_DYNAMIC_NO_PIC = NO;
				GCC_NO_COMMON_BLOCKS = YES;
				GCC_OPTIMIZATION_LEVEL = 0;
				GCC_PREPROCESSOR_DEFINITIONS = (
					"DEBUG=1",
					"$(inherited)",
				);
				GCC_WARN_64_TO_32_BIT_CONVERSION = YES;
				GCC_WARN_ABOUT_RETURN_TYPE = YES_ERROR;
				GCC_WARN_UNDECLARED_SELECTOR = YES;
				GCC_WARN_UNINITIALIZED_AUTOS = YES_AGGRESSIVE;
				GCC_WARN_UNUSED_FUNCTION = YES;
				GCC_WARN_UNUSED_VARIABLE = YES;
				IPHONEOS_DEPLOYMENT_TARGET = 13.5;
				MTL_ENABLE_DEBUG_INFO = INCLUDE_SOURCE;
				MTL_FAST_MATH = YES;
				ONLY_ACTIVE_ARCH = YES;
				SDKROOT = iphoneos;
				SWIFT_ACTIVE_COMPILATION_CONDITIONS = DEBUG;
				SWIFT_OPTIMIZATION_LEVEL = "-Onone";
			};
			name = Debug;
		};
		6EC3D64B24A94EEE00393533 /* Release */ = {
			isa = XCBuildConfiguration;
			buildSettings = {
				ALWAYS_SEARCH_USER_PATHS = NO;
				CLANG_ANALYZER_NONNULL = YES;
				CLANG_ANALYZER_NUMBER_OBJECT_CONVERSION = YES_AGGRESSIVE;
				CLANG_CXX_LANGUAGE_STANDARD = "gnu++14";
				CLANG_CXX_LIBRARY = "libc++";
				CLANG_ENABLE_MODULES = YES;
				CLANG_ENABLE_OBJC_ARC = YES;
				CLANG_ENABLE_OBJC_WEAK = YES;
				CLANG_WARN_BLOCK_CAPTURE_AUTORELEASING = YES;
				CLANG_WARN_BOOL_CONVERSION = YES;
				CLANG_WARN_COMMA = YES;
				CLANG_WARN_CONSTANT_CONVERSION = YES;
				CLANG_WARN_DEPRECATED_OBJC_IMPLEMENTATIONS = YES;
				CLANG_WARN_DIRECT_OBJC_ISA_USAGE = YES_ERROR;
				CLANG_WARN_DOCUMENTATION_COMMENTS = YES;
				CLANG_WARN_EMPTY_BODY = YES;
				CLANG_WARN_ENUM_CONVERSION = YES;
				CLANG_WARN_INFINITE_RECURSION = YES;
				CLANG_WARN_INT_CONVERSION = YES;
				CLANG_WARN_NON_LITERAL_NULL_CONVERSION = YES;
				CLANG_WARN_OBJC_IMPLICIT_RETAIN_SELF = YES;
				CLANG_WARN_OBJC_LITERAL_CONVERSION = YES;
				CLANG_WARN_OBJC_ROOT_CLASS = YES_ERROR;
				CLANG_WARN_RANGE_LOOP_ANALYSIS = YES;
				CLANG_WARN_STRICT_PROTOTYPES = YES;
				CLANG_WARN_SUSPICIOUS_MOVE = YES;
				CLANG_WARN_UNGUARDED_AVAILABILITY = YES_AGGRESSIVE;
				CLANG_WARN_UNREACHABLE_CODE = YES;
				CLANG_WARN__DUPLICATE_METHOD_MATCH = YES;
				COPY_PHASE_STRIP = NO;
				DEBUG_INFORMATION_FORMAT = "dwarf-with-dsym";
				ENABLE_NS_ASSERTIONS = NO;
				ENABLE_STRICT_OBJC_MSGSEND = YES;
				GCC_C_LANGUAGE_STANDARD = gnu11;
				GCC_NO_COMMON_BLOCKS = YES;
				GCC_WARN_64_TO_32_BIT_CONVERSION = YES;
				GCC_WARN_ABOUT_RETURN_TYPE = YES_ERROR;
				GCC_WARN_UNDECLARED_SELECTOR = YES;
				GCC_WARN_UNINITIALIZED_AUTOS = YES_AGGRESSIVE;
				GCC_WARN_UNUSED_FUNCTION = YES;
				GCC_WARN_UNUSED_VARIABLE = YES;
				IPHONEOS_DEPLOYMENT_TARGET = 13.5;
				MTL_ENABLE_DEBUG_INFO = NO;
				MTL_FAST_MATH = YES;
				SDKROOT = iphoneos;
				SWIFT_COMPILATION_MODE = wholemodule;
				SWIFT_OPTIMIZATION_LEVEL = "-O";
				VALIDATE_PRODUCT = YES;
			};
			name = Release;
		};
		6EC3D64D24A94EEE00393533 /* Debug */ = {
			isa = XCBuildConfiguration;
			buildSettings = {
				ASSETCATALOG_COMPILER_APPICON_NAME = AppIcon;
				CODE_SIGN_STYLE = Automatic;
				DEVELOPMENT_TEAM = 42D4L9A7Y2;
				INFOPLIST_FILE = GoCab/Info.plist;
				LD_RUNPATH_SEARCH_PATHS = (
					"$(inherited)",
					"@executable_path/Frameworks",
				);
				PRODUCT_BUNDLE_IDENTIFIER = com.pablodimarco.GoCab;
				PRODUCT_NAME = "$(TARGET_NAME)";
				SWIFT_VERSION = 5.0;
				TARGETED_DEVICE_FAMILY = "1,2";
			};
			name = Debug;
		};
		6EC3D64E24A94EEE00393533 /* Release */ = {
			isa = XCBuildConfiguration;
			buildSettings = {
				ASSETCATALOG_COMPILER_APPICON_NAME = AppIcon;
				CODE_SIGN_STYLE = Automatic;
				DEVELOPMENT_TEAM = 42D4L9A7Y2;
				INFOPLIST_FILE = GoCab/Info.plist;
				LD_RUNPATH_SEARCH_PATHS = (
					"$(inherited)",
					"@executable_path/Frameworks",
				);
				PRODUCT_BUNDLE_IDENTIFIER = com.pablodimarco.GoCab;
				PRODUCT_NAME = "$(TARGET_NAME)";
				SWIFT_VERSION = 5.0;
				TARGETED_DEVICE_FAMILY = "1,2";
			};
			name = Release;
		};
/* End XCBuildConfiguration section */

/* Begin XCConfigurationList section */
		6EC3D63324A94EEC00393533 /* Build configuration list for PBXProject "GoCab" */ = {
			isa = XCConfigurationList;
			buildConfigurations = (
				6EC3D64A24A94EEE00393533 /* Debug */,
				6EC3D64B24A94EEE00393533 /* Release */,
			);
			defaultConfigurationIsVisible = 0;
			defaultConfigurationName = Release;
		};
		6EC3D64C24A94EEE00393533 /* Build configuration list for PBXNativeTarget "GoCab" */ = {
			isa = XCConfigurationList;
			buildConfigurations = (
				6EC3D64D24A94EEE00393533 /* Debug */,
				6EC3D64E24A94EEE00393533 /* Release */,
			);
			defaultConfigurationIsVisible = 0;
			defaultConfigurationName = Release;
		};
/* End XCConfigurationList section */
	};
	rootObject = 6EC3D63024A94EEC00393533 /* Project object */;
}
